// !$*UTF8*$!
{
	archiveVersion = 1;
	classes = {
	};
	objectVersion = 46;
	objects = {

/* Begin PBXBuildFile section */
		AB00B25B1976C31300A09CC4 /* BlowingSnow1.png in Resources */ = {isa = PBXBuildFile; fileRef = AB00B25A1976C31300A09CC4 /* BlowingSnow1.png */; };
		AB00B25D1976C3AF00A09CC4 /* BlowingSnow2.png in Resources */ = {isa = PBXBuildFile; fileRef = AB00B25C1976C3AF00A09CC4 /* BlowingSnow2.png */; };
		AB0AC20F1976F279003FFBC5 /* LightSnow1.png in Resources */ = {isa = PBXBuildFile; fileRef = AB0AC20E1976F279003FFBC5 /* LightSnow1.png */; };
		AB0AC2111976F2B0003FFBC5 /* LightSnow2.png in Resources */ = {isa = PBXBuildFile; fileRef = AB0AC2101976F2B0003FFBC5 /* LightSnow2.png */; };
		AB0AC2131976F3FE003FFBC5 /* ModerateHeavySleet1.png in Resources */ = {isa = PBXBuildFile; fileRef = AB0AC2121976F3FE003FFBC5 /* ModerateHeavySleet1.png */; };
		AB0AC2151976F403003FFBC5 /* ModerateHeavySleet2.png in Resources */ = {isa = PBXBuildFile; fileRef = AB0AC2141976F403003FFBC5 /* ModerateHeavySleet2.png */; };
		AB1A17501971C6E20084E523 /* Sunny1.png in Resources */ = {isa = PBXBuildFile; fileRef = AB1A174F1971C6E20084E523 /* Sunny1.png */; };
		AB7161C419736631003C5997 /* PatchyRainNearby1.png in Resources */ = {isa = PBXBuildFile; fileRef = AB7161C319736631003C5997 /* PatchyRainNearby1.png */; };
		AB7161C6197366AD003C5997 /* PatchyRainNearby2.png in Resources */ = {isa = PBXBuildFile; fileRef = AB7161C5197366AD003C5997 /* PatchyRainNearby2.png */; };
		AB76985A1971FBF8001C5044 /* MistFog1.png in Resources */ = {isa = PBXBuildFile; fileRef = AB7698591971FBF8001C5044 /* MistFog1.png */; };
		AB76985C1971FC71001C5044 /* MistFog2.png in Resources */ = {isa = PBXBuildFile; fileRef = AB76985B1971FC71001C5044 /* MistFog2.png */; };
		AB788DDA1974FDE300D23879 /* PatchySleetNearby1.png in Resources */ = {isa = PBXBuildFile; fileRef = AB788DD91974FDE300D23879 /* PatchySleetNearby1.png */; };
		AB788DDC1974FE9D00D23879 /* PatchySleetNearby2.png in Resources */ = {isa = PBXBuildFile; fileRef = AB788DDB1974FE9D00D23879 /* PatchySleetNearby2.png */; };
		AB8B04F519761C05001EA2CA /* FreezingDrizzle1.png in Resources */ = {isa = PBXBuildFile; fileRef = AB8B04F419761C05001EA2CA /* FreezingDrizzle1.png */; };
		AB8B04F719761CC7001EA2CA /* FreezingDrizzle2.png in Resources */ = {isa = PBXBuildFile; fileRef = AB8B04F619761CC7001EA2CA /* FreezingDrizzle2.png */; };
		AB8B04F919761DEF001EA2CA /* Thundery1.png in Resources */ = {isa = PBXBuildFile; fileRef = AB8B04F819761DEF001EA2CA /* Thundery1.png */; };
		AB8B04FB19761E39001EA2CA /* Thundery2.png in Resources */ = {isa = PBXBuildFile; fileRef = AB8B04FA19761E39001EA2CA /* Thundery2.png */; };
		AB9802D319528FF600D85C2A /* Foundation.framework in Frameworks */ = {isa = PBXBuildFile; fileRef = AB9802D219528FF600D85C2A /* Foundation.framework */; };
		AB9802D519528FF600D85C2A /* CoreGraphics.framework in Frameworks */ = {isa = PBXBuildFile; fileRef = AB9802D419528FF600D85C2A /* CoreGraphics.framework */; };
		AB9802D719528FF600D85C2A /* UIKit.framework in Frameworks */ = {isa = PBXBuildFile; fileRef = AB9802D619528FF600D85C2A /* UIKit.framework */; };
		AB9802DD19528FF600D85C2A /* InfoPlist.strings in Resources */ = {isa = PBXBuildFile; fileRef = AB9802DB19528FF600D85C2A /* InfoPlist.strings */; };
		AB9802DF19528FF600D85C2A /* main.m in Sources */ = {isa = PBXBuildFile; fileRef = AB9802DE19528FF600D85C2A /* main.m */; };
		AB9802E319528FF600D85C2A /* AppDelegate.m in Sources */ = {isa = PBXBuildFile; fileRef = AB9802E219528FF600D85C2A /* AppDelegate.m */; };
		AB9802E619528FF600D85C2A /* Main.storyboard in Resources */ = {isa = PBXBuildFile; fileRef = AB9802E419528FF600D85C2A /* Main.storyboard */; };
		AB9802E919528FF600D85C2A /* ViewController.m in Sources */ = {isa = PBXBuildFile; fileRef = AB9802E819528FF600D85C2A /* ViewController.m */; };
		AB9802EB19528FF600D85C2A /* Images.xcassets in Resources */ = {isa = PBXBuildFile; fileRef = AB9802EA19528FF600D85C2A /* Images.xcassets */; };
		AB9802F219528FF700D85C2A /* XCTest.framework in Frameworks */ = {isa = PBXBuildFile; fileRef = AB9802F119528FF700D85C2A /* XCTest.framework */; };
		AB9802F319528FF700D85C2A /* Foundation.framework in Frameworks */ = {isa = PBXBuildFile; fileRef = AB9802D219528FF600D85C2A /* Foundation.framework */; };
		AB9802F419528FF700D85C2A /* UIKit.framework in Frameworks */ = {isa = PBXBuildFile; fileRef = AB9802D619528FF600D85C2A /* UIKit.framework */; };
		AB9802FC19528FF700D85C2A /* InfoPlist.strings in Resources */ = {isa = PBXBuildFile; fileRef = AB9802FA19528FF700D85C2A /* InfoPlist.strings */; };
		AB9802FE19528FF700D85C2A /* MamaEarthTests.m in Sources */ = {isa = PBXBuildFile; fileRef = AB9802FD19528FF700D85C2A /* MamaEarthTests.m */; };
		AB9803091952920400D85C2A /* GetWeather.m in Sources */ = {isa = PBXBuildFile; fileRef = AB9803081952920400D85C2A /* GetWeather.m */; };
		ABA28CF91970BEEF002CF886 /* CloudyOvercast1.png in Resources */ = {isa = PBXBuildFile; fileRef = ABA28CF81970BEEF002CF886 /* CloudyOvercast1.png */; };
		ABAEC1D119781C2D00DDC4EF /* ModerateSnow1.png in Resources */ = {isa = PBXBuildFile; fileRef = ABAEC1D019781C2D00DDC4EF /* ModerateSnow1.png */; };
		ABAEC1D319781CA900DDC4EF /* ModerateSnow2.png in Resources */ = {isa = PBXBuildFile; fileRef = ABAEC1D219781CA900DDC4EF /* ModerateSnow2.png */; };
		ABB412041976EE5F0076E437 /* HeavyRain1.png in Resources */ = {isa = PBXBuildFile; fileRef = ABB412031976EE5F0076E437 /* HeavyRain1.png */; };
		ABB412061976EEB10076E437 /* HeavyRain2.png in Resources */ = {isa = PBXBuildFile; fileRef = ABB412051976EEB10076E437 /* HeavyRain2.png */; };
		ABC91BCD197886CF00B2BBCA /* HeavySnow1.png in Resources */ = {isa = PBXBuildFile; fileRef = ABC91BCC197886CF00B2BBCA /* HeavySnow1.png */; };
		ABC91BCF1978872300B2BBCA /* HeavySnow2.png in Resources */ = {isa = PBXBuildFile; fileRef = ABC91BCE1978872300B2BBCA /* HeavySnow2.png */; };
		ABC91BD1197888B600B2BBCA /* IcePellets1.png in Resources */ = {isa = PBXBuildFile; fileRef = ABC91BD0197888B600B2BBCA /* IcePellets1.png */; };
		ABC91BD3197888FF00B2BBCA /* IcePellets2.png in Resources */ = {isa = PBXBuildFile; fileRef = ABC91BD2197888FF00B2BBCA /* IcePellets2.png */; };
		ABC91BD5197889BD00B2BBCA /* DoesntKnow.png in Resources */ = {isa = PBXBuildFile; fileRef = ABC91BD4197889BD00B2BBCA /* DoesntKnow.png */; };
		ABCE098C19736F3F00A23C5B /* PatchySnowNearby1.png in Resources */ = {isa = PBXBuildFile; fileRef = ABCE098B19736F3F00A23C5B /* PatchySnowNearby1.png */; };
		ABCE098E19736FEC00A23C5B /* PatchySnowNearby2.png in Resources */ = {isa = PBXBuildFile; fileRef = ABCE098D19736FEC00A23C5B /* PatchySnowNearby2.png */; };
		ABCE2EBC1976CF9A00F00DDE /* LightDrizzle2.png in Resources */ = {isa = PBXBuildFile; fileRef = ABCE2EBB1976CF9A00F00DDE /* LightDrizzle2.png */; };
		ABD3333E1956296B005F4ABD /* iAd.framework in Frameworks */ = {isa = PBXBuildFile; fileRef = ABD3333D1956296B005F4ABD /* iAd.framework */; };
		ABDDAECC1971AEE000BF7BF5 /* CloudyOvercast2.png in Resources */ = {isa = PBXBuildFile; fileRef = ABDDAECB1971AEE000BF7BF5 /* CloudyOvercast2.png */; };
		ABDF03701976E01400EF92DC /* LightRain1.png in Resources */ = {isa = PBXBuildFile; fileRef = ABDF036F1976E01400EF92DC /* LightRain1.png */; };
		ABDF03721976E0D000EF92DC /* LightRain2.png in Resources */ = {isa = PBXBuildFile; fileRef = ABDF03711976E0D000EF92DC /* LightRain2.png */; };
		ABDF03741976E1BD00EF92DC /* ModerateRain1.png in Resources */ = {isa = PBXBuildFile; fileRef = ABDF03731976E1BD00EF92DC /* ModerateRain1.png */; };
		ABDF03761976E32400EF92DC /* ModerateRain2.png in Resources */ = {isa = PBXBuildFile; fileRef = ABDF03751976E32400EF92DC /* ModerateRain2.png */; };
		ABE9BB1C1976C83A0029A394 /* Blizzard1.png in Resources */ = {isa = PBXBuildFile; fileRef = ABE9BB1B1976C83A0029A394 /* Blizzard1.png */; };
		ABE9BB1E1976C8C90029A394 /* Blizzard2.png in Resources */ = {isa = PBXBuildFile; fileRef = ABE9BB1D1976C8C90029A394 /* Blizzard2.png */; };
		ABE9BB201976C9860029A394 /* LightDrizzle1.png in Resources */ = {isa = PBXBuildFile; fileRef = ABE9BB1F1976C9860029A394 /* LightDrizzle1.png */; };
/* End PBXBuildFile section */

/* Begin PBXContainerItemProxy section */
		AB9802F519528FF700D85C2A /* PBXContainerItemProxy */ = {
			isa = PBXContainerItemProxy;
			containerPortal = AB9802C719528FF600D85C2A /* Project object */;
			proxyType = 1;
			remoteGlobalIDString = AB9802CE19528FF600D85C2A;
			remoteInfo = MamaEarth;
		};
/* End PBXContainerItemProxy section */

/* Begin PBXFileReference section */
		AB00B25A1976C31300A09CC4 /* BlowingSnow1.png */ = {isa = PBXFileReference; lastKnownFileType = image.png; path = BlowingSnow1.png; sourceTree = "<group>"; };
		AB00B25C1976C3AF00A09CC4 /* BlowingSnow2.png */ = {isa = PBXFileReference; lastKnownFileType = image.png; path = BlowingSnow2.png; sourceTree = "<group>"; };
		AB0AC20E1976F279003FFBC5 /* LightSnow1.png */ = {isa = PBXFileReference; lastKnownFileType = image.png; path = LightSnow1.png; sourceTree = "<group>"; };
		AB0AC2101976F2B0003FFBC5 /* LightSnow2.png */ = {isa = PBXFileReference; lastKnownFileType = image.png; path = LightSnow2.png; sourceTree = "<group>"; };
		AB0AC2121976F3FE003FFBC5 /* ModerateHeavySleet1.png */ = {isa = PBXFileReference; lastKnownFileType = image.png; path = ModerateHeavySleet1.png; sourceTree = "<group>"; };
		AB0AC2141976F403003FFBC5 /* ModerateHeavySleet2.png */ = {isa = PBXFileReference; lastKnownFileType = image.png; path = ModerateHeavySleet2.png; sourceTree = "<group>"; };
		AB1A174F1971C6E20084E523 /* Sunny1.png */ = {isa = PBXFileReference; lastKnownFileType = image.png; path = Sunny1.png; sourceTree = "<group>"; };
		AB7161C319736631003C5997 /* PatchyRainNearby1.png */ = {isa = PBXFileReference; lastKnownFileType = image.png; path = PatchyRainNearby1.png; sourceTree = "<group>"; };
		AB7161C5197366AD003C5997 /* PatchyRainNearby2.png */ = {isa = PBXFileReference; lastKnownFileType = image.png; path = PatchyRainNearby2.png; sourceTree = "<group>"; };
		AB7698591971FBF8001C5044 /* MistFog1.png */ = {isa = PBXFileReference; lastKnownFileType = image.png; path = MistFog1.png; sourceTree = "<group>"; };
		AB76985B1971FC71001C5044 /* MistFog2.png */ = {isa = PBXFileReference; lastKnownFileType = image.png; path = MistFog2.png; sourceTree = "<group>"; };
		AB788DD91974FDE300D23879 /* PatchySleetNearby1.png */ = {isa = PBXFileReference; lastKnownFileType = image.png; path = PatchySleetNearby1.png; sourceTree = "<group>"; };
		AB788DDB1974FE9D00D23879 /* PatchySleetNearby2.png */ = {isa = PBXFileReference; lastKnownFileType = image.png; path = PatchySleetNearby2.png; sourceTree = "<group>"; };
		AB8B04F419761C05001EA2CA /* FreezingDrizzle1.png */ = {isa = PBXFileReference; lastKnownFileType = image.png; path = FreezingDrizzle1.png; sourceTree = "<group>"; };
		AB8B04F619761CC7001EA2CA /* FreezingDrizzle2.png */ = {isa = PBXFileReference; lastKnownFileType = image.png; path = FreezingDrizzle2.png; sourceTree = "<group>"; };
		AB8B04F819761DEF001EA2CA /* Thundery1.png */ = {isa = PBXFileReference; lastKnownFileType = image.png; path = Thundery1.png; sourceTree = "<group>"; };
		AB8B04FA19761E39001EA2CA /* Thundery2.png */ = {isa = PBXFileReference; lastKnownFileType = image.png; path = Thundery2.png; sourceTree = "<group>"; };
		AB9802CF19528FF600D85C2A /* MamaEarth.app */ = {isa = PBXFileReference; explicitFileType = wrapper.application; includeInIndex = 0; path = MamaEarth.app; sourceTree = BUILT_PRODUCTS_DIR; };
		AB9802D219528FF600D85C2A /* Foundation.framework */ = {isa = PBXFileReference; lastKnownFileType = wrapper.framework; name = Foundation.framework; path = System/Library/Frameworks/Foundation.framework; sourceTree = SDKROOT; };
		AB9802D419528FF600D85C2A /* CoreGraphics.framework */ = {isa = PBXFileReference; lastKnownFileType = wrapper.framework; name = CoreGraphics.framework; path = System/Library/Frameworks/CoreGraphics.framework; sourceTree = SDKROOT; };
		AB9802D619528FF600D85C2A /* UIKit.framework */ = {isa = PBXFileReference; lastKnownFileType = wrapper.framework; name = UIKit.framework; path = System/Library/Frameworks/UIKit.framework; sourceTree = SDKROOT; };
		AB9802DA19528FF600D85C2A /* MamaEarth-Info.plist */ = {isa = PBXFileReference; lastKnownFileType = text.plist.xml; path = "MamaEarth-Info.plist"; sourceTree = "<group>"; };
		AB9802DC19528FF600D85C2A /* en */ = {isa = PBXFileReference; lastKnownFileType = text.plist.strings; name = en; path = en.lproj/InfoPlist.strings; sourceTree = "<group>"; };
		AB9802DE19528FF600D85C2A /* main.m */ = {isa = PBXFileReference; lastKnownFileType = sourcecode.c.objc; path = main.m; sourceTree = "<group>"; };
		AB9802E019528FF600D85C2A /* MamaEarth-Prefix.pch */ = {isa = PBXFileReference; lastKnownFileType = sourcecode.c.h; path = "MamaEarth-Prefix.pch"; sourceTree = "<group>"; };
		AB9802E119528FF600D85C2A /* AppDelegate.h */ = {isa = PBXFileReference; lastKnownFileType = sourcecode.c.h; path = AppDelegate.h; sourceTree = "<group>"; };
		AB9802E219528FF600D85C2A /* AppDelegate.m */ = {isa = PBXFileReference; lastKnownFileType = sourcecode.c.objc; path = AppDelegate.m; sourceTree = "<group>"; };
		AB9802E519528FF600D85C2A /* Base */ = {isa = PBXFileReference; lastKnownFileType = file.storyboard; name = Base; path = Base.lproj/Main.storyboard; sourceTree = "<group>"; };
		AB9802E719528FF600D85C2A /* ViewController.h */ = {isa = PBXFileReference; lastKnownFileType = sourcecode.c.h; path = ViewController.h; sourceTree = "<group>"; };
		AB9802E819528FF600D85C2A /* ViewController.m */ = {isa = PBXFileReference; lastKnownFileType = sourcecode.c.objc; path = ViewController.m; sourceTree = "<group>"; };
		AB9802EA19528FF600D85C2A /* Images.xcassets */ = {isa = PBXFileReference; lastKnownFileType = folder.assetcatalog; path = Images.xcassets; sourceTree = "<group>"; };
		AB9802F019528FF700D85C2A /* MamaEarthTests.xctest */ = {isa = PBXFileReference; explicitFileType = wrapper.cfbundle; includeInIndex = 0; path = MamaEarthTests.xctest; sourceTree = BUILT_PRODUCTS_DIR; };
		AB9802F119528FF700D85C2A /* XCTest.framework */ = {isa = PBXFileReference; lastKnownFileType = wrapper.framework; name = XCTest.framework; path = Library/Frameworks/XCTest.framework; sourceTree = DEVELOPER_DIR; };
		AB9802F919528FF700D85C2A /* MamaEarthTests-Info.plist */ = {isa = PBXFileReference; lastKnownFileType = text.plist.xml; path = "MamaEarthTests-Info.plist"; sourceTree = "<group>"; };
		AB9802FB19528FF700D85C2A /* en */ = {isa = PBXFileReference; lastKnownFileType = text.plist.strings; name = en; path = en.lproj/InfoPlist.strings; sourceTree = "<group>"; };
		AB9802FD19528FF700D85C2A /* MamaEarthTests.m */ = {isa = PBXFileReference; lastKnownFileType = sourcecode.c.objc; path = MamaEarthTests.m; sourceTree = "<group>"; };
		AB9803071952920400D85C2A /* GetWeather.h */ = {isa = PBXFileReference; fileEncoding = 4; lastKnownFileType = sourcecode.c.h; path = GetWeather.h; sourceTree = "<group>"; };
		AB9803081952920400D85C2A /* GetWeather.m */ = {isa = PBXFileReference; fileEncoding = 4; lastKnownFileType = sourcecode.c.objc; path = GetWeather.m; sourceTree = "<group>"; };
		ABA28CF81970BEEF002CF886 /* CloudyOvercast1.png */ = {isa = PBXFileReference; lastKnownFileType = image.png; path = CloudyOvercast1.png; sourceTree = "<group>"; };
		ABAEC1D019781C2D00DDC4EF /* ModerateSnow1.png */ = {isa = PBXFileReference; lastKnownFileType = image.png; path = ModerateSnow1.png; sourceTree = "<group>"; };
		ABAEC1D219781CA900DDC4EF /* ModerateSnow2.png */ = {isa = PBXFileReference; lastKnownFileType = image.png; path = ModerateSnow2.png; sourceTree = "<group>"; };
		ABB412031976EE5F0076E437 /* HeavyRain1.png */ = {isa = PBXFileReference; lastKnownFileType = image.png; path = HeavyRain1.png; sourceTree = "<group>"; };
		ABB412051976EEB10076E437 /* HeavyRain2.png */ = {isa = PBXFileReference; lastKnownFileType = image.png; path = HeavyRain2.png; sourceTree = "<group>"; };
		ABC91BCC197886CF00B2BBCA /* HeavySnow1.png */ = {isa = PBXFileReference; lastKnownFileType = image.png; path = HeavySnow1.png; sourceTree = "<group>"; };
		ABC91BCE1978872300B2BBCA /* HeavySnow2.png */ = {isa = PBXFileReference; lastKnownFileType = image.png; path = HeavySnow2.png; sourceTree = "<group>"; };
		ABC91BD0197888B600B2BBCA /* IcePellets1.png */ = {isa = PBXFileReference; lastKnownFileType = image.png; path = IcePellets1.png; sourceTree = "<group>"; };
		ABC91BD2197888FF00B2BBCA /* IcePellets2.png */ = {isa = PBXFileReference; lastKnownFileType = image.png; path = IcePellets2.png; sourceTree = "<group>"; };
		ABC91BD4197889BD00B2BBCA /* DoesntKnow.png */ = {isa = PBXFileReference; lastKnownFileType = image.png; path = DoesntKnow.png; sourceTree = "<group>"; };
		ABCE098B19736F3F00A23C5B /* PatchySnowNearby1.png */ = {isa = PBXFileReference; lastKnownFileType = image.png; path = PatchySnowNearby1.png; sourceTree = "<group>"; };
		ABCE098D19736FEC00A23C5B /* PatchySnowNearby2.png */ = {isa = PBXFileReference; lastKnownFileType = image.png; path = PatchySnowNearby2.png; sourceTree = "<group>"; };
		ABCE2EBB1976CF9A00F00DDE /* LightDrizzle2.png */ = {isa = PBXFileReference; lastKnownFileType = image.png; path = LightDrizzle2.png; sourceTree = "<group>"; };
		ABD3333D1956296B005F4ABD /* iAd.framework */ = {isa = PBXFileReference; lastKnownFileType = wrapper.framework; name = iAd.framework; path = System/Library/Frameworks/iAd.framework; sourceTree = SDKROOT; };
		ABDDAECB1971AEE000BF7BF5 /* CloudyOvercast2.png */ = {isa = PBXFileReference; lastKnownFileType = image.png; path = CloudyOvercast2.png; sourceTree = "<group>"; };
		ABDF036F1976E01400EF92DC /* LightRain1.png */ = {isa = PBXFileReference; lastKnownFileType = image.png; path = LightRain1.png; sourceTree = "<group>"; };
		ABDF03711976E0D000EF92DC /* LightRain2.png */ = {isa = PBXFileReference; lastKnownFileType = image.png; path = LightRain2.png; sourceTree = "<group>"; };
		ABDF03731976E1BD00EF92DC /* ModerateRain1.png */ = {isa = PBXFileReference; lastKnownFileType = image.png; path = ModerateRain1.png; sourceTree = "<group>"; };
		ABDF03751976E32400EF92DC /* ModerateRain2.png */ = {isa = PBXFileReference; lastKnownFileType = image.png; path = ModerateRain2.png; sourceTree = "<group>"; };
		ABE9BB1B1976C83A0029A394 /* Blizzard1.png */ = {isa = PBXFileReference; lastKnownFileType = image.png; path = Blizzard1.png; sourceTree = "<group>"; };
		ABE9BB1D1976C8C90029A394 /* Blizzard2.png */ = {isa = PBXFileReference; lastKnownFileType = image.png; path = Blizzard2.png; sourceTree = "<group>"; };
		ABE9BB1F1976C9860029A394 /* LightDrizzle1.png */ = {isa = PBXFileReference; lastKnownFileType = image.png; path = LightDrizzle1.png; sourceTree = "<group>"; };
/* End PBXFileReference section */

/* Begin PBXFrameworksBuildPhase section */
		AB9802CC19528FF600D85C2A /* Frameworks */ = {
			isa = PBXFrameworksBuildPhase;
			buildActionMask = 2147483647;
			files = (
				ABD3333E1956296B005F4ABD /* iAd.framework in Frameworks */,
				AB9802D519528FF600D85C2A /* CoreGraphics.framework in Frameworks */,
				AB9802D719528FF600D85C2A /* UIKit.framework in Frameworks */,
				AB9802D319528FF600D85C2A /* Foundation.framework in Frameworks */,
			);
			runOnlyForDeploymentPostprocessing = 0;
		};
		AB9802ED19528FF700D85C2A /* Frameworks */ = {
			isa = PBXFrameworksBuildPhase;
			buildActionMask = 2147483647;
			files = (
				AB9802F219528FF700D85C2A /* XCTest.framework in Frameworks */,
				AB9802F419528FF700D85C2A /* UIKit.framework in Frameworks */,
				AB9802F319528FF700D85C2A /* Foundation.framework in Frameworks */,
			);
			runOnlyForDeploymentPostprocessing = 0;
		};
/* End PBXFrameworksBuildPhase section */

/* Begin PBXGroup section */
		AB9802C619528FF600D85C2A = {
			isa = PBXGroup;
			children = (
				AB9802D819528FF600D85C2A /* MamaEarth */,
				AB9802F719528FF700D85C2A /* MamaEarthTests */,
				AB9802D119528FF600D85C2A /* Frameworks */,
				AB9802D019528FF600D85C2A /* Products */,
			);
			sourceTree = "<group>";
		};
		AB9802D019528FF600D85C2A /* Products */ = {
			isa = PBXGroup;
			children = (
				AB9802CF19528FF600D85C2A /* MamaEarth.app */,
				AB9802F019528FF700D85C2A /* MamaEarthTests.xctest */,
			);
			name = Products;
			sourceTree = "<group>";
		};
		AB9802D119528FF600D85C2A /* Frameworks */ = {
			isa = PBXGroup;
			children = (
				ABD3333D1956296B005F4ABD /* iAd.framework */,
				AB9802D219528FF600D85C2A /* Foundation.framework */,
				AB9802D419528FF600D85C2A /* CoreGraphics.framework */,
				AB9802D619528FF600D85C2A /* UIKit.framework */,
				AB9802F119528FF700D85C2A /* XCTest.framework */,
			);
			name = Frameworks;
			sourceTree = "<group>";
		};
		AB9802D819528FF600D85C2A /* MamaEarth */ = {
			isa = PBXGroup;
			children = (
				AB9802E119528FF600D85C2A /* AppDelegate.h */,
				AB9802E219528FF600D85C2A /* AppDelegate.m */,
				AB9802E419528FF600D85C2A /* Main.storyboard */,
				AB9802E719528FF600D85C2A /* ViewController.h */,
				AB9802E819528FF600D85C2A /* ViewController.m */,
				AB9803071952920400D85C2A /* GetWeather.h */,
				AB9803081952920400D85C2A /* GetWeather.m */,
				ABD3333F19562FFF005F4ABD /* weathercases */,
				AB9802EA19528FF600D85C2A /* Images.xcassets */,
				AB9802D919528FF600D85C2A /* Supporting Files */,
			);
			path = MamaEarth;
			sourceTree = "<group>";
		};
		AB9802D919528FF600D85C2A /* Supporting Files */ = {
			isa = PBXGroup;
			children = (
				AB9802DA19528FF600D85C2A /* MamaEarth-Info.plist */,
				AB9802DB19528FF600D85C2A /* InfoPlist.strings */,
				AB9802DE19528FF600D85C2A /* main.m */,
				AB9802E019528FF600D85C2A /* MamaEarth-Prefix.pch */,
			);
			name = "Supporting Files";
			sourceTree = "<group>";
		};
		AB9802F719528FF700D85C2A /* MamaEarthTests */ = {
			isa = PBXGroup;
			children = (
				AB9802FD19528FF700D85C2A /* MamaEarthTests.m */,
				AB9802F819528FF700D85C2A /* Supporting Files */,
			);
			path = MamaEarthTests;
			sourceTree = "<group>";
		};
		AB9802F819528FF700D85C2A /* Supporting Files */ = {
			isa = PBXGroup;
			children = (
				AB9802F919528FF700D85C2A /* MamaEarthTests-Info.plist */,
				AB9802FA19528FF700D85C2A /* InfoPlist.strings */,
			);
			name = "Supporting Files";
			sourceTree = "<group>";
		};
		ABD3333F19562FFF005F4ABD /* weathercases */ = {
			isa = PBXGroup;
			children = (
				AB1A174F1971C6E20084E523 /* Sunny1.png */,
				ABDDAECB1971AEE000BF7BF5 /* CloudyOvercast2.png */,
				ABA28CF81970BEEF002CF886 /* CloudyOvercast1.png */,
				AB7698591971FBF8001C5044 /* MistFog1.png */,
				AB76985B1971FC71001C5044 /* MistFog2.png */,
				AB7161C319736631003C5997 /* PatchyRainNearby1.png */,
				AB7161C5197366AD003C5997 /* PatchyRainNearby2.png */,
				ABCE098B19736F3F00A23C5B /* PatchySnowNearby1.png */,
				ABCE098D19736FEC00A23C5B /* PatchySnowNearby2.png */,
				AB788DD91974FDE300D23879 /* PatchySleetNearby1.png */,
				AB788DDB1974FE9D00D23879 /* PatchySleetNearby2.png */,
				AB8B04F419761C05001EA2CA /* FreezingDrizzle1.png */,
				AB8B04F619761CC7001EA2CA /* FreezingDrizzle2.png */,
				AB8B04F819761DEF001EA2CA /* Thundery1.png */,
				AB8B04FA19761E39001EA2CA /* Thundery2.png */,
				AB00B25A1976C31300A09CC4 /* BlowingSnow1.png */,
				AB00B25C1976C3AF00A09CC4 /* BlowingSnow2.png */,
				ABE9BB1B1976C83A0029A394 /* Blizzard1.png */,
				ABE9BB1D1976C8C90029A394 /* Blizzard2.png */,
				ABE9BB1F1976C9860029A394 /* LightDrizzle1.png */,
				ABCE2EBB1976CF9A00F00DDE /* LightDrizzle2.png */,
				ABDF036F1976E01400EF92DC /* LightRain1.png */,
				ABDF03711976E0D000EF92DC /* LightRain2.png */,
				ABDF03731976E1BD00EF92DC /* ModerateRain1.png */,
				ABDF03751976E32400EF92DC /* ModerateRain2.png */,
				ABB412031976EE5F0076E437 /* HeavyRain1.png */,
				ABB412051976EEB10076E437 /* HeavyRain2.png */,
				AB0AC20E1976F279003FFBC5 /* LightSnow1.png */,
				AB0AC2101976F2B0003FFBC5 /* LightSnow2.png */,
				AB0AC2121976F3FE003FFBC5 /* ModerateHeavySleet1.png */,
				AB0AC2141976F403003FFBC5 /* ModerateHeavySleet2.png */,
				ABAEC1D019781C2D00DDC4EF /* ModerateSnow1.png */,
				ABAEC1D219781CA900DDC4EF /* ModerateSnow2.png */,
				ABC91BCC197886CF00B2BBCA /* HeavySnow1.png */,
				ABC91BCE1978872300B2BBCA /* HeavySnow2.png */,
				ABC91BD0197888B600B2BBCA /* IcePellets1.png */,
				ABC91BD2197888FF00B2BBCA /* IcePellets2.png */,
				ABC91BD4197889BD00B2BBCA /* DoesntKnow.png */,
			);
			path = weathercases;
			sourceTree = "<group>";
		};
/* End PBXGroup section */

/* Begin PBXNativeTarget section */
		AB9802CE19528FF600D85C2A /* MamaEarth */ = {
			isa = PBXNativeTarget;
			buildConfigurationList = AB98030119528FF700D85C2A /* Build configuration list for PBXNativeTarget "MamaEarth" */;
			buildPhases = (
				AB9802CB19528FF600D85C2A /* Sources */,
				AB9802CC19528FF600D85C2A /* Frameworks */,
				AB9802CD19528FF600D85C2A /* Resources */,
			);
			buildRules = (
			);
			dependencies = (
			);
			name = MamaEarth;
			productName = MamaEarth;
			productReference = AB9802CF19528FF600D85C2A /* MamaEarth.app */;
			productType = "com.apple.product-type.application";
		};
		AB9802EF19528FF700D85C2A /* MamaEarthTests */ = {
			isa = PBXNativeTarget;
			buildConfigurationList = AB98030419528FF700D85C2A /* Build configuration list for PBXNativeTarget "MamaEarthTests" */;
			buildPhases = (
				AB9802EC19528FF700D85C2A /* Sources */,
				AB9802ED19528FF700D85C2A /* Frameworks */,
				AB9802EE19528FF700D85C2A /* Resources */,
			);
			buildRules = (
			);
			dependencies = (
				AB9802F619528FF700D85C2A /* PBXTargetDependency */,
			);
			name = MamaEarthTests;
			productName = MamaEarthTests;
			productReference = AB9802F019528FF700D85C2A /* MamaEarthTests.xctest */;
			productType = "com.apple.product-type.bundle.unit-test";
		};
/* End PBXNativeTarget section */

/* Begin PBXProject section */
		AB9802C719528FF600D85C2A /* Project object */ = {
			isa = PBXProject;
			attributes = {
				LastUpgradeCheck = 0510;
				ORGANIZATIONNAME = Calla;
				TargetAttributes = {
					AB9802CE19528FF600D85C2A = {
						DevelopmentTeam = 8CGMU353W8;
						SystemCapabilities = {
							com.apple.BackgroundModes = {
								enabled = 1;
							};
						};
					};
					AB9802EF19528FF700D85C2A = {
						TestTargetID = AB9802CE19528FF600D85C2A;
					};
				};
			};
			buildConfigurationList = AB9802CA19528FF600D85C2A /* Build configuration list for PBXProject "MamaEarth" */;
			compatibilityVersion = "Xcode 3.2";
			developmentRegion = English;
			hasScannedForEncodings = 0;
			knownRegions = (
				en,
				Base,
			);
			mainGroup = AB9802C619528FF600D85C2A;
			productRefGroup = AB9802D019528FF600D85C2A /* Products */;
			projectDirPath = "";
			projectRoot = "";
			targets = (
				AB9802CE19528FF600D85C2A /* MamaEarth */,
				AB9802EF19528FF700D85C2A /* MamaEarthTests */,
			);
		};
/* End PBXProject section */

/* Begin PBXResourcesBuildPhase section */
		AB9802CD19528FF600D85C2A /* Resources */ = {
			isa = PBXResourcesBuildPhase;
			buildActionMask = 2147483647;
			files = (
				ABB412061976EEB10076E437 /* HeavyRain2.png in Resources */,
				ABE9BB1E1976C8C90029A394 /* Blizzard2.png in Resources */,
				AB00B25B1976C31300A09CC4 /* BlowingSnow1.png in Resources */,
				AB76985A1971FBF8001C5044 /* MistFog1.png in Resources */,
				AB788DDA1974FDE300D23879 /* PatchySleetNearby1.png in Resources */,
				ABDF03741976E1BD00EF92DC /* ModerateRain1.png in Resources */,
				ABC91BD3197888FF00B2BBCA /* IcePellets2.png in Resources */,
				ABC91BCD197886CF00B2BBCA /* HeavySnow1.png in Resources */,
				AB9802EB19528FF600D85C2A /* Images.xcassets in Resources */,
				ABC91BD5197889BD00B2BBCA /* DoesntKnow.png in Resources */,
				AB8B04FB19761E39001EA2CA /* Thundery2.png in Resources */,
				AB8B04F919761DEF001EA2CA /* Thundery1.png in Resources */,
				ABDF03721976E0D000EF92DC /* LightRain2.png in Resources */,
				AB76985C1971FC71001C5044 /* MistFog2.png in Resources */,
				AB788DDC1974FE9D00D23879 /* PatchySleetNearby2.png in Resources */,
				ABC91BCF1978872300B2BBCA /* HeavySnow2.png in Resources */,
				ABCE098E19736FEC00A23C5B /* PatchySnowNearby2.png in Resources */,
				ABDF03701976E01400EF92DC /* LightRain1.png in Resources */,
				AB9802DD19528FF600D85C2A /* InfoPlist.strings in Resources */,
				AB0AC2151976F403003FFBC5 /* ModerateHeavySleet2.png in Resources */,
				AB8B04F719761CC7001EA2CA /* FreezingDrizzle2.png in Resources */,
				ABC91BD1197888B600B2BBCA /* IcePellets1.png in Resources */,
				ABCE098C19736F3F00A23C5B /* PatchySnowNearby1.png in Resources */,
				AB1A17501971C6E20084E523 /* Sunny1.png in Resources */,
				AB0AC2111976F2B0003FFBC5 /* LightSnow2.png in Resources */,
				AB8B04F519761C05001EA2CA /* FreezingDrizzle1.png in Resources */,
				AB00B25D1976C3AF00A09CC4 /* BlowingSnow2.png in Resources */,
				AB9802E619528FF600D85C2A /* Main.storyboard in Resources */,
				ABE9BB201976C9860029A394 /* LightDrizzle1.png in Resources */,
				ABDF03761976E32400EF92DC /* ModerateRain2.png in Resources */,
				AB0AC20F1976F279003FFBC5 /* LightSnow1.png in Resources */,
				ABCE2EBC1976CF9A00F00DDE /* LightDrizzle2.png in Resources */,
				ABE9BB1C1976C83A0029A394 /* Blizzard1.png in Resources */,
				ABA28CF91970BEEF002CF886 /* CloudyOvercast1.png in Resources */,
				ABDDAECC1971AEE000BF7BF5 /* CloudyOvercast2.png in Resources */,
				ABB412041976EE5F0076E437 /* HeavyRain1.png in Resources */,
				ABAEC1D119781C2D00DDC4EF /* ModerateSnow1.png in Resources */,
				AB0AC2131976F3FE003FFBC5 /* ModerateHeavySleet1.png in Resources */,
				AB7161C6197366AD003C5997 /* PatchyRainNearby2.png in Resources */,
				ABAEC1D319781CA900DDC4EF /* ModerateSnow2.png in Resources */,
				AB7161C419736631003C5997 /* PatchyRainNearby1.png in Resources */,
			);
			runOnlyForDeploymentPostprocessing = 0;
		};
		AB9802EE19528FF700D85C2A /* Resources */ = {
			isa = PBXResourcesBuildPhase;
			buildActionMask = 2147483647;
			files = (
				AB9802FC19528FF700D85C2A /* InfoPlist.strings in Resources */,
			);
			runOnlyForDeploymentPostprocessing = 0;
		};
/* End PBXResourcesBuildPhase section */

/* Begin PBXSourcesBuildPhase section */
		AB9802CB19528FF600D85C2A /* Sources */ = {
			isa = PBXSourcesBuildPhase;
			buildActionMask = 2147483647;
			files = (
				AB9802E919528FF600D85C2A /* ViewController.m in Sources */,
				AB9802E319528FF600D85C2A /* AppDelegate.m in Sources */,
				AB9802DF19528FF600D85C2A /* main.m in Sources */,
				AB9803091952920400D85C2A /* GetWeather.m in Sources */,
			);
			runOnlyForDeploymentPostprocessing = 0;
		};
		AB9802EC19528FF700D85C2A /* Sources */ = {
			isa = PBXSourcesBuildPhase;
			buildActionMask = 2147483647;
			files = (
				AB9802FE19528FF700D85C2A /* MamaEarthTests.m in Sources */,
			);
			runOnlyForDeploymentPostprocessing = 0;
		};
/* End PBXSourcesBuildPhase section */

/* Begin PBXTargetDependency section */
		AB9802F619528FF700D85C2A /* PBXTargetDependency */ = {
			isa = PBXTargetDependency;
			target = AB9802CE19528FF600D85C2A /* MamaEarth */;
			targetProxy = AB9802F519528FF700D85C2A /* PBXContainerItemProxy */;
		};
/* End PBXTargetDependency section */

/* Begin PBXVariantGroup section */
		AB9802DB19528FF600D85C2A /* InfoPlist.strings */ = {
			isa = PBXVariantGroup;
			children = (
				AB9802DC19528FF600D85C2A /* en */,
			);
			name = InfoPlist.strings;
			sourceTree = "<group>";
		};
		AB9802E419528FF600D85C2A /* Main.storyboard */ = {
			isa = PBXVariantGroup;
			children = (
				AB9802E519528FF600D85C2A /* Base */,
			);
			name = Main.storyboard;
			sourceTree = "<group>";
		};
		AB9802FA19528FF700D85C2A /* InfoPlist.strings */ = {
			isa = PBXVariantGroup;
			children = (
				AB9802FB19528FF700D85C2A /* en */,
			);
			name = InfoPlist.strings;
			sourceTree = "<group>";
		};
/* End PBXVariantGroup section */

/* Begin XCBuildConfiguration section */
		AB9802FF19528FF700D85C2A /* Debug */ = {
			isa = XCBuildConfiguration;
			buildSettings = {
				ALWAYS_SEARCH_USER_PATHS = NO;
				CLANG_CXX_LANGUAGE_STANDARD = "gnu++0x";
				CLANG_CXX_LIBRARY = "libc++";
				CLANG_ENABLE_MODULES = YES;
				CLANG_ENABLE_OBJC_ARC = YES;
				CLANG_WARN_BOOL_CONVERSION = YES;
				CLANG_WARN_CONSTANT_CONVERSION = YES;
				CLANG_WARN_DIRECT_OBJC_ISA_USAGE = YES_ERROR;
				CLANG_WARN_EMPTY_BODY = YES;
				CLANG_WARN_ENUM_CONVERSION = YES;
				CLANG_WARN_INT_CONVERSION = YES;
				CLANG_WARN_OBJC_ROOT_CLASS = YES_ERROR;
				CLANG_WARN__DUPLICATE_METHOD_MATCH = YES;
				"CODE_SIGN_IDENTITY[sdk=iphoneos*]" = "iPhone Developer";
				COPY_PHASE_STRIP = NO;
				GCC_C_LANGUAGE_STANDARD = gnu99;
				GCC_DYNAMIC_NO_PIC = NO;
				GCC_OPTIMIZATION_LEVEL = 0;
				GCC_PREPROCESSOR_DEFINITIONS = (
					"DEBUG=1",
					"$(inherited)",
				);
				GCC_SYMBOLS_PRIVATE_EXTERN = NO;
				GCC_WARN_64_TO_32_BIT_CONVERSION = YES;
				GCC_WARN_ABOUT_RETURN_TYPE = YES_ERROR;
				GCC_WARN_UNDECLARED_SELECTOR = YES;
				GCC_WARN_UNINITIALIZED_AUTOS = YES_AGGRESSIVE;
				GCC_WARN_UNUSED_FUNCTION = YES;
				GCC_WARN_UNUSED_VARIABLE = YES;
				IPHONEOS_DEPLOYMENT_TARGET = 7.1;
				ONLY_ACTIVE_ARCH = YES;
				SDKROOT = iphoneos;
			};
			name = Debug;
		};
		AB98030019528FF700D85C2A /* Release */ = {
			isa = XCBuildConfiguration;
			buildSettings = {
				ALWAYS_SEARCH_USER_PATHS = NO;
				CLANG_CXX_LANGUAGE_STANDARD = "gnu++0x";
				CLANG_CXX_LIBRARY = "libc++";
				CLANG_ENABLE_MODULES = YES;
				CLANG_ENABLE_OBJC_ARC = YES;
				CLANG_WARN_BOOL_CONVERSION = YES;
				CLANG_WARN_CONSTANT_CONVERSION = YES;
				CLANG_WARN_DIRECT_OBJC_ISA_USAGE = YES_ERROR;
				CLANG_WARN_EMPTY_BODY = YES;
				CLANG_WARN_ENUM_CONVERSION = YES;
				CLANG_WARN_INT_CONVERSION = YES;
				CLANG_WARN_OBJC_ROOT_CLASS = YES_ERROR;
				CLANG_WARN__DUPLICATE_METHOD_MATCH = YES;
				"CODE_SIGN_IDENTITY[sdk=iphoneos*]" = "iPhone Developer";
				COPY_PHASE_STRIP = YES;
				ENABLE_NS_ASSERTIONS = NO;
				GCC_C_LANGUAGE_STANDARD = gnu99;
				GCC_WARN_64_TO_32_BIT_CONVERSION = YES;
				GCC_WARN_ABOUT_RETURN_TYPE = YES_ERROR;
				GCC_WARN_UNDECLARED_SELECTOR = YES;
				GCC_WARN_UNINITIALIZED_AUTOS = YES_AGGRESSIVE;
				GCC_WARN_UNUSED_FUNCTION = YES;
				GCC_WARN_UNUSED_VARIABLE = YES;
				IPHONEOS_DEPLOYMENT_TARGET = 7.1;
				ONLY_ACTIVE_ARCH = YES;
				SDKROOT = iphoneos;
				VALIDATE_PRODUCT = YES;
			};
			name = Release;
		};
		AB98030219528FF700D85C2A /* Debug */ = {
			isa = XCBuildConfiguration;
			buildSettings = {
				ASSETCATALOG_COMPILER_APPICON_NAME = AppIcon;
				ASSETCATALOG_COMPILER_LAUNCHIMAGE_NAME = LaunchImage;
				CODE_SIGN_IDENTITY = "iPhone Developer";
				GCC_PRECOMPILE_PREFIX_HEADER = YES;
				GCC_PREFIX_HEADER = "MamaEarth/MamaEarth-Prefix.pch";
				INFOPLIST_FILE = "MamaEarth/MamaEarth-Info.plist";
				PRODUCT_NAME = "$(TARGET_NAME)";
				WRAPPER_EXTENSION = app;
			};
			name = Debug;
		};
		AB98030319528FF700D85C2A /* Release */ = {
			isa = XCBuildConfiguration;
			buildSettings = {
				ASSETCATALOG_COMPILER_APPICON_NAME = AppIcon;
				ASSETCATALOG_COMPILER_LAUNCHIMAGE_NAME = LaunchImage;
				CODE_SIGN_IDENTITY = "iPhone Developer";
				GCC_PRECOMPILE_PREFIX_HEADER = YES;
				GCC_PREFIX_HEADER = "MamaEarth/MamaEarth-Prefix.pch";
				INFOPLIST_FILE = "MamaEarth/MamaEarth-Info.plist";
				PRODUCT_NAME = "$(TARGET_NAME)";
				WRAPPER_EXTENSION = app;
			};
			name = Release;
		};
		AB98030519528FF700D85C2A /* Debug */ = {
			isa = XCBuildConfiguration;
			buildSettings = {
				BUNDLE_LOADER = "$(BUILT_PRODUCTS_DIR)/MamaEarth.app/MamaEarth";
				FRAMEWORK_SEARCH_PATHS = (
					"$(SDKROOT)/Developer/Library/Frameworks",
					"$(inherited)",
					"$(DEVELOPER_FRAMEWORKS_DIR)",
				);
				GCC_PRECOMPILE_PREFIX_HEADER = YES;
				GCC_PREFIX_HEADER = "MamaEarth/MamaEarth-Prefix.pch";
				GCC_PREPROCESSOR_DEFINITIONS = (
					"DEBUG=1",
					"$(inherited)",
				);
				INFOPLIST_FILE = "MamaEarthTests/MamaEarthTests-Info.plist";
				PRODUCT_NAME = "$(TARGET_NAME)";
				TEST_HOST = "$(BUNDLE_LOADER)";
				WRAPPER_EXTENSION = xctest;
			};
			name = Debug;
		};
		AB98030619528FF700D85C2A /* Release */ = {
			isa = XCBuildConfiguration;
			buildSettings = {
				BUNDLE_LOADER = "$(BUILT_PRODUCTS_DIR)/MamaEarth.app/MamaEarth";
				FRAMEWORK_SEARCH_PATHS = (
					"$(SDKROOT)/Developer/Library/Frameworks",
					"$(inherited)",
					"$(DEVELOPER_FRAMEWORKS_DIR)",
				);
				GCC_PRECOMPILE_PREFIX_HEADER = YES;
				GCC_PREFIX_HEADER = "MamaEarth/MamaEarth-Prefix.pch";
				INFOPLIST_FILE = "MamaEarthTests/MamaEarthTests-Info.plist";
				PRODUCT_NAME = "$(TARGET_NAME)";
				TEST_HOST = "$(BUNDLE_LOADER)";
				WRAPPER_EXTENSION = xctest;
			};
			name = Release;
		};
/* End XCBuildConfiguration section */

/* Begin XCConfigurationList section */
		AB9802CA19528FF600D85C2A /* Build configuration list for PBXProject "MamaEarth" */ = {
			isa = XCConfigurationList;
			buildConfigurations = (
				AB9802FF19528FF700D85C2A /* Debug */,
				AB98030019528FF700D85C2A /* Release */,
			);
			defaultConfigurationIsVisible = 0;
			defaultConfigurationName = Release;
		};
		AB98030119528FF700D85C2A /* Build configuration list for PBXNativeTarget "MamaEarth" */ = {
			isa = XCConfigurationList;
			buildConfigurations = (
				AB98030219528FF700D85C2A /* Debug */,
				AB98030319528FF700D85C2A /* Release */,
			);
			defaultConfigurationIsVisible = 0;
			defaultConfigurationName = Release;
		};
		AB98030419528FF700D85C2A /* Build configuration list for PBXNativeTarget "MamaEarthTests" */ = {
			isa = XCConfigurationList;
			buildConfigurations = (
				AB98030519528FF700D85C2A /* Debug */,
				AB98030619528FF700D85C2A /* Release */,
			);
			defaultConfigurationIsVisible = 0;
			defaultConfigurationName = Release;
		};
/* End XCConfigurationList section */
	};
	rootObject = AB9802C719528FF600D85C2A /* Project object */;
}
